
Microsoft Visual Studio Solution File, Format Version 12.00
# Visual Studio Version 17
VisualStudioVersion = 17.13.35825.156 d17.13
MinimumVisualStudioVersion = 10.0.40219.1
Project("{FAE04EC0-301F-11D3-BF4B-00C04F79EFBC}") = "WebApplicationTask", "WebApplicationTask.csproj", "{FE584F93-E1C6-4CC5-90F7-77DC6EBA37E1}"
EndProject
Global
	GlobalSection(SolutionConfigurationPlatforms) = preSolution
		Debug|Any CPU = Debug|Any CPU
		Release|Any CPU = Release|Any CPU
	EndGlobalSection
	GlobalSection(ProjectConfigurationPlatforms) = postSolution
		{FE584F93-E1C6-4CC5-90F7-77DC6EBA37E1}.Debug|Any CPU.ActiveCfg = Debug|Any CPU
		{FE584F93-E1C6-4CC5-90F7-77DC6EBA37E1}.Debug|Any CPU.Build.0 = Debug|Any CPU
		{FE584F93-E1C6-4CC5-90F7-77DC6EBA37E1}.Release|Any CPU.ActiveCfg = Release|Any CPU
		{FE584F93-E1C6-4CC5-90F7-77DC6EBA37E1}.Release|Any CPU.Build.0 = Release|Any CPU
	EndGlobalSection
	GlobalSection(SolutionProperties) = preSolution
		HideSolutionNode = FALSE
	EndGlobalSection
	GlobalSection(ExtensibilityGlobals) = postSolution
		SolutionGuid = {67DA4D91-9830-4BF8-AF6A-C881BA84DD6F}
	EndGlobalSection
EndGlobal
